// !$*UTF8*$!
{
	archiveVersion = 1;
	classes = {
	};
	objectVersion = 51;
	objects = {

/* Begin PBXBuildFile section */
		D8044DB3235341C300A3B59B /* RegistrationViewModel.swift in Sources */ = {isa = PBXBuildFile; fileRef = D8044DB2235341C300A3B59B /* RegistrationViewModel.swift */; };
		D8095A17235DAC2E0066F989 /* UserModel.swift in Sources */ = {isa = PBXBuildFile; fileRef = D8095A16235DAC2E0066F989 /* UserModel.swift */; };
		D817384F234BC1B3009B01D4 /* AppDelegate.swift in Sources */ = {isa = PBXBuildFile; fileRef = D817384E234BC1B3009B01D4 /* AppDelegate.swift */; };
		D8173858234BC1B5009B01D4 /* Assets.xcassets in Resources */ = {isa = PBXBuildFile; fileRef = D8173857234BC1B5009B01D4 /* Assets.xcassets */; };
		D817385B234BC1B5009B01D4 /* LaunchScreen.storyboard in Resources */ = {isa = PBXBuildFile; fileRef = D8173859234BC1B5009B01D4 /* LaunchScreen.storyboard */; };
		D8173864234BC1EF009B01D4 /* UIView + Constraint.swift in Sources */ = {isa = PBXBuildFile; fileRef = D8173863234BC1EF009B01D4 /* UIView + Constraint.swift */; };
		D8173866234BC217009B01D4 /* HomeBottomStackView.swift in Sources */ = {isa = PBXBuildFile; fileRef = D8173865234BC217009B01D4 /* HomeBottomStackView.swift */; };
		D8173868234BC2B0009B01D4 /* TopNavigationStackView.swift in Sources */ = {isa = PBXBuildFile; fileRef = D8173867234BC2B0009B01D4 /* TopNavigationStackView.swift */; };
		D817386A234BC2E0009B01D4 /* CardView.swift in Sources */ = {isa = PBXBuildFile; fileRef = D8173869234BC2E0009B01D4 /* CardView.swift */; };
		D82E36F623522856003414F8 /* Registration.storyboard in Resources */ = {isa = PBXBuildFile; fileRef = D82E36EF23522856003414F8 /* Registration.storyboard */; };
		D82E36F723522856003414F8 /* RegistrationPresenter.swift in Sources */ = {isa = PBXBuildFile; fileRef = D82E36F023522856003414F8 /* RegistrationPresenter.swift */; };
		D82E36F823522856003414F8 /* RegistrationRouter.swift in Sources */ = {isa = PBXBuildFile; fileRef = D82E36F123522856003414F8 /* RegistrationRouter.swift */; };
		D82E36F923522856003414F8 /* RegistrationViewController.swift in Sources */ = {isa = PBXBuildFile; fileRef = D82E36F223522856003414F8 /* RegistrationViewController.swift */; };
		D82E36FA23522856003414F8 /* RegistrationProtocols.swift in Sources */ = {isa = PBXBuildFile; fileRef = D82E36F323522856003414F8 /* RegistrationProtocols.swift */; };
		D82E36FB23522856003414F8 /* RegistrationInteractor.swift in Sources */ = {isa = PBXBuildFile; fileRef = D82E36F423522856003414F8 /* RegistrationInteractor.swift */; };
		D82E36FC23522856003414F8 /* RegistrationConfigurator.swift in Sources */ = {isa = PBXBuildFile; fileRef = D82E36F523522856003414F8 /* RegistrationConfigurator.swift */; };
		D82E370023522E79003414F8 /* CustomTextField.swift in Sources */ = {isa = PBXBuildFile; fileRef = D82E36FF23522E79003414F8 /* CustomTextField.swift */; };
		D833A4A32355BDAD00B99B0C /* AlertManager.swift in Sources */ = {isa = PBXBuildFile; fileRef = D833A4A22355BDAD00B99B0C /* AlertManager.swift */; };
		D83D21AE2357434100971180 /* Loadable.swift in Sources */ = {isa = PBXBuildFile; fileRef = D83D21AD2357434100971180 /* Loadable.swift */; };
		D83D21B42357565E00971180 /* CameraManager.swift in Sources */ = {isa = PBXBuildFile; fileRef = D83D21B32357565E00971180 /* CameraManager.swift */; };
		D85090DC2358ADA700CC92EE /* NetworkHelper.swift in Sources */ = {isa = PBXBuildFile; fileRef = D85090DB2358ADA700CC92EE /* NetworkHelper.swift */; };
		D851AFA2234C8F6400071786 /* HomeScreen.storyboard in Resources */ = {isa = PBXBuildFile; fileRef = D851AF9B234C8F6400071786 /* HomeScreen.storyboard */; };
		D851AFA3234C8F6400071786 /* HomeScreenPresenter.swift in Sources */ = {isa = PBXBuildFile; fileRef = D851AF9C234C8F6400071786 /* HomeScreenPresenter.swift */; };
		D851AFA4234C8F6400071786 /* HomeScreenRouter.swift in Sources */ = {isa = PBXBuildFile; fileRef = D851AF9D234C8F6400071786 /* HomeScreenRouter.swift */; };
		D851AFA5234C8F6400071786 /* HomeScreenViewController.swift in Sources */ = {isa = PBXBuildFile; fileRef = D851AF9E234C8F6400071786 /* HomeScreenViewController.swift */; };
		D851AFA6234C8F6400071786 /* HomeScreenProtocols.swift in Sources */ = {isa = PBXBuildFile; fileRef = D851AF9F234C8F6400071786 /* HomeScreenProtocols.swift */; };
		D851AFA7234C8F6400071786 /* HomeScreenInteractor.swift in Sources */ = {isa = PBXBuildFile; fileRef = D851AFA0234C8F6400071786 /* HomeScreenInteractor.swift */; };
		D851AFA8234C8F6400071786 /* HomeScreenConfigurator.swift in Sources */ = {isa = PBXBuildFile; fileRef = D851AFA1234C8F6400071786 /* HomeScreenConfigurator.swift */; };
		D851AFAA234CAF6000071786 /* CardView.xib in Resources */ = {isa = PBXBuildFile; fileRef = D851AFA9234CAF6000071786 /* CardView.xib */; };
		D851AFAC234CC1C700071786 /* Extension + UIView.swift in Sources */ = {isa = PBXBuildFile; fileRef = D851AFAB234CC1C700071786 /* Extension + UIView.swift */; };
		D870D3E7236DDD3B0023F432 /* SettingsPresenter.swift in Sources */ = {isa = PBXBuildFile; fileRef = D870D3E6236DDD3B0023F432 /* SettingsPresenter.swift */; };
		D87CAE4A237A02AC00A7667A /* TweeActiveTextField.swift in Sources */ = {isa = PBXBuildFile; fileRef = D87CAE49237A02AC00A7667A /* TweeActiveTextField.swift */; };
		D87EF3382369CF1C00102374 /* SettingCell.xib in Resources */ = {isa = PBXBuildFile; fileRef = D87EF3372369CF1C00102374 /* SettingCell.xib */; };
		D87EF33A2369D14900102374 /* SettingCell.swift in Sources */ = {isa = PBXBuildFile; fileRef = D87EF3392369D14900102374 /* SettingCell.swift */; };
		D87EF33C2369D4E200102374 /* Extension + UIColor.swift in Sources */ = {isa = PBXBuildFile; fileRef = D87EF33B2369D4E200102374 /* Extension + UIColor.swift */; };
		D87EF33E2369DDC000102374 /* SettingTopCell.swift in Sources */ = {isa = PBXBuildFile; fileRef = D87EF33D2369DDC000102374 /* SettingTopCell.swift */; };
		D87EF3402369DDD300102374 /* SettingTopCell.xib in Resources */ = {isa = PBXBuildFile; fileRef = D87EF33F2369DDD300102374 /* SettingTopCell.xib */; };
		D8A0E127236CBA5E0047CB8D /* TextFieldCell.swift in Sources */ = {isa = PBXBuildFile; fileRef = D8A0E126236CBA5E0047CB8D /* TextFieldCell.swift */; };
		D8A0E129236CBA6C0047CB8D /* TextFieldCell.xib in Resources */ = {isa = PBXBuildFile; fileRef = D8A0E128236CBA6C0047CB8D /* TextFieldCell.xib */; };
		D8AE84CF236C82F4001794DC /* AppTheme.swift in Sources */ = {isa = PBXBuildFile; fileRef = D8AE84CE236C82F4001794DC /* AppTheme.swift */; };
		D8BFDAD92358A40C0042D78B /* RegistrationManager.swift in Sources */ = {isa = PBXBuildFile; fileRef = D8BFDAD82358A40B0042D78B /* RegistrationManager.swift */; };
		D8C77CBD23606B910049279D /* Settings.storyboard in Resources */ = {isa = PBXBuildFile; fileRef = D8C77CB623606B910049279D /* Settings.storyboard */; };
		D8C77CBF23606B910049279D /* SettingsRouter.swift in Sources */ = {isa = PBXBuildFile; fileRef = D8C77CB823606B910049279D /* SettingsRouter.swift */; };
		D8C77CC023606B910049279D /* SettingsViewController.swift in Sources */ = {isa = PBXBuildFile; fileRef = D8C77CB923606B910049279D /* SettingsViewController.swift */; };
		D8C77CC123606B910049279D /* SettingsProtocols.swift in Sources */ = {isa = PBXBuildFile; fileRef = D8C77CBA23606B910049279D /* SettingsProtocols.swift */; };
		D8C77CC223606B910049279D /* SettingsInteractor.swift in Sources */ = {isa = PBXBuildFile; fileRef = D8C77CBB23606B910049279D /* SettingsInteractor.swift */; };
		D8C77CC323606B910049279D /* SettingsConfigurator.swift in Sources */ = {isa = PBXBuildFile; fileRef = D8C77CBC23606B910049279D /* SettingsConfigurator.swift */; };
		D8C87B902354C08D001DD7DE /* GoogleService-Info.plist in Resources */ = {isa = PBXBuildFile; fileRef = D8C87B8F2354C08D001DD7DE /* GoogleService-Info.plist */; };
		D8DA7F402374246000BD9C65 /* SwipeResultDitection.swift in Sources */ = {isa = PBXBuildFile; fileRef = D8DA7F3F2374246000BD9C65 /* SwipeResultDitection.swift */; };
		D8DA7F4223744FCB00BD9C65 /* UserDataManager.swift in Sources */ = {isa = PBXBuildFile; fileRef = D8DA7F4123744FCB00BD9C65 /* UserDataManager.swift */; };
		D8DA7F442374583500BD9C65 /* Constants.swift in Sources */ = {isa = PBXBuildFile; fileRef = D8DA7F432374583500BD9C65 /* Constants.swift */; };
		D8E56FD2234DEF2400ABE4D2 /* Extension + CALayer.swift in Sources */ = {isa = PBXBuildFile; fileRef = D8E56FD1234DEF2400ABE4D2 /* Extension + CALayer.swift */; };
		D8F492DC2355F5A0009019EF /* Extension + ViewController.swift in Sources */ = {isa = PBXBuildFile; fileRef = D8F492DB2355F5A0009019EF /* Extension + ViewController.swift */; };
		D8F492E02356099D009019EF /* Alertable.swift in Sources */ = {isa = PBXBuildFile; fileRef = D8F492DF2356099D009019EF /* Alertable.swift */; };
		DFC4BBF64EA59C9FC653A6EB /* Pods_Tinder_Analog.framework in Frameworks */ = {isa = PBXBuildFile; fileRef = 2093EAD0D908D424C7A2D45B /* Pods_Tinder_Analog.framework */; };
/* End PBXBuildFile section */

/* Begin PBXFileReference section */
		2093EAD0D908D424C7A2D45B /* Pods_Tinder_Analog.framework */ = {isa = PBXFileReference; explicitFileType = wrapper.framework; includeInIndex = 0; path = Pods_Tinder_Analog.framework; sourceTree = BUILT_PRODUCTS_DIR; };
		4515C0A3EE05BCB1208AAFD6 /* Pods-Tinder_Analog.debug.xcconfig */ = {isa = PBXFileReference; includeInIndex = 1; lastKnownFileType = text.xcconfig; name = "Pods-Tinder_Analog.debug.xcconfig"; path = "Target Support Files/Pods-Tinder_Analog/Pods-Tinder_Analog.debug.xcconfig"; sourceTree = "<group>"; };
		C6FCDC3C96DA0FB53D626511 /* Pods-Tinder_Analog.release.xcconfig */ = {isa = PBXFileReference; includeInIndex = 1; lastKnownFileType = text.xcconfig; name = "Pods-Tinder_Analog.release.xcconfig"; path = "Target Support Files/Pods-Tinder_Analog/Pods-Tinder_Analog.release.xcconfig"; sourceTree = "<group>"; };
		D8044DB2235341C300A3B59B /* RegistrationViewModel.swift */ = {isa = PBXFileReference; lastKnownFileType = sourcecode.swift; path = RegistrationViewModel.swift; sourceTree = "<group>"; };
		D8095A16235DAC2E0066F989 /* UserModel.swift */ = {isa = PBXFileReference; lastKnownFileType = sourcecode.swift; path = UserModel.swift; sourceTree = "<group>"; };
		D817384B234BC1B3009B01D4 /* Tinder_Analog.app */ = {isa = PBXFileReference; explicitFileType = wrapper.application; includeInIndex = 0; path = Tinder_Analog.app; sourceTree = BUILT_PRODUCTS_DIR; };
		D817384E234BC1B3009B01D4 /* AppDelegate.swift */ = {isa = PBXFileReference; lastKnownFileType = sourcecode.swift; path = AppDelegate.swift; sourceTree = "<group>"; };
		D8173857234BC1B5009B01D4 /* Assets.xcassets */ = {isa = PBXFileReference; lastKnownFileType = folder.assetcatalog; path = Assets.xcassets; sourceTree = "<group>"; };
		D817385A234BC1B5009B01D4 /* Base */ = {isa = PBXFileReference; lastKnownFileType = file.storyboard; name = Base; path = Base.lproj/LaunchScreen.storyboard; sourceTree = "<group>"; };
		D817385C234BC1B5009B01D4 /* Info.plist */ = {isa = PBXFileReference; lastKnownFileType = text.plist.xml; path = Info.plist; sourceTree = "<group>"; };
		D8173863234BC1EF009B01D4 /* UIView + Constraint.swift */ = {isa = PBXFileReference; lastKnownFileType = sourcecode.swift; path = "UIView + Constraint.swift"; sourceTree = "<group>"; };
		D8173865234BC217009B01D4 /* HomeBottomStackView.swift */ = {isa = PBXFileReference; lastKnownFileType = sourcecode.swift; path = HomeBottomStackView.swift; sourceTree = "<group>"; };
		D8173867234BC2B0009B01D4 /* TopNavigationStackView.swift */ = {isa = PBXFileReference; lastKnownFileType = sourcecode.swift; path = TopNavigationStackView.swift; sourceTree = "<group>"; };
		D8173869234BC2E0009B01D4 /* CardView.swift */ = {isa = PBXFileReference; lastKnownFileType = sourcecode.swift; path = CardView.swift; sourceTree = "<group>"; };
		D82E36EF23522856003414F8 /* Registration.storyboard */ = {isa = PBXFileReference; lastKnownFileType = file.storyboard; path = Registration.storyboard; sourceTree = "<group>"; };
		D82E36F023522856003414F8 /* RegistrationPresenter.swift */ = {isa = PBXFileReference; lastKnownFileType = sourcecode.swift; path = RegistrationPresenter.swift; sourceTree = "<group>"; };
		D82E36F123522856003414F8 /* RegistrationRouter.swift */ = {isa = PBXFileReference; lastKnownFileType = sourcecode.swift; path = RegistrationRouter.swift; sourceTree = "<group>"; };
		D82E36F223522856003414F8 /* RegistrationViewController.swift */ = {isa = PBXFileReference; lastKnownFileType = sourcecode.swift; path = RegistrationViewController.swift; sourceTree = "<group>"; };
		D82E36F323522856003414F8 /* RegistrationProtocols.swift */ = {isa = PBXFileReference; lastKnownFileType = sourcecode.swift; path = RegistrationProtocols.swift; sourceTree = "<group>"; };
		D82E36F423522856003414F8 /* RegistrationInteractor.swift */ = {isa = PBXFileReference; lastKnownFileType = sourcecode.swift; path = RegistrationInteractor.swift; sourceTree = "<group>"; };
		D82E36F523522856003414F8 /* RegistrationConfigurator.swift */ = {isa = PBXFileReference; lastKnownFileType = sourcecode.swift; path = RegistrationConfigurator.swift; sourceTree = "<group>"; };
		D82E36FF23522E79003414F8 /* CustomTextField.swift */ = {isa = PBXFileReference; lastKnownFileType = sourcecode.swift; path = CustomTextField.swift; sourceTree = "<group>"; };
		D833A4A22355BDAD00B99B0C /* AlertManager.swift */ = {isa = PBXFileReference; lastKnownFileType = sourcecode.swift; path = AlertManager.swift; sourceTree = "<group>"; };
		D83D21AD2357434100971180 /* Loadable.swift */ = {isa = PBXFileReference; lastKnownFileType = sourcecode.swift; path = Loadable.swift; sourceTree = "<group>"; };
		D83D21B32357565E00971180 /* CameraManager.swift */ = {isa = PBXFileReference; lastKnownFileType = sourcecode.swift; path = CameraManager.swift; sourceTree = "<group>"; };
		D85090DB2358ADA700CC92EE /* NetworkHelper.swift */ = {isa = PBXFileReference; lastKnownFileType = sourcecode.swift; path = NetworkHelper.swift; sourceTree = "<group>"; };
		D851AF9B234C8F6400071786 /* HomeScreen.storyboard */ = {isa = PBXFileReference; lastKnownFileType = file.storyboard; path = HomeScreen.storyboard; sourceTree = "<group>"; };
		D851AF9C234C8F6400071786 /* HomeScreenPresenter.swift */ = {isa = PBXFileReference; lastKnownFileType = sourcecode.swift; path = HomeScreenPresenter.swift; sourceTree = "<group>"; };
		D851AF9D234C8F6400071786 /* HomeScreenRouter.swift */ = {isa = PBXFileReference; lastKnownFileType = sourcecode.swift; path = HomeScreenRouter.swift; sourceTree = "<group>"; };
		D851AF9E234C8F6400071786 /* HomeScreenViewController.swift */ = {isa = PBXFileReference; lastKnownFileType = sourcecode.swift; path = HomeScreenViewController.swift; sourceTree = "<group>"; };
		D851AF9F234C8F6400071786 /* HomeScreenProtocols.swift */ = {isa = PBXFileReference; lastKnownFileType = sourcecode.swift; path = HomeScreenProtocols.swift; sourceTree = "<group>"; };
		D851AFA0234C8F6400071786 /* HomeScreenInteractor.swift */ = {isa = PBXFileReference; lastKnownFileType = sourcecode.swift; path = HomeScreenInteractor.swift; sourceTree = "<group>"; };
		D851AFA1234C8F6400071786 /* HomeScreenConfigurator.swift */ = {isa = PBXFileReference; lastKnownFileType = sourcecode.swift; path = HomeScreenConfigurator.swift; sourceTree = "<group>"; };
		D851AFA9234CAF6000071786 /* CardView.xib */ = {isa = PBXFileReference; lastKnownFileType = file.xib; path = CardView.xib; sourceTree = "<group>"; };
		D851AFAB234CC1C700071786 /* Extension + UIView.swift */ = {isa = PBXFileReference; lastKnownFileType = sourcecode.swift; path = "Extension + UIView.swift"; sourceTree = "<group>"; };
		D870D3E6236DDD3B0023F432 /* SettingsPresenter.swift */ = {isa = PBXFileReference; lastKnownFileType = sourcecode.swift; path = SettingsPresenter.swift; sourceTree = "<group>"; };
		D87CAE49237A02AC00A7667A /* TweeActiveTextField.swift */ = {isa = PBXFileReference; lastKnownFileType = sourcecode.swift; path = TweeActiveTextField.swift; sourceTree = "<group>"; };
		D87EF3372369CF1C00102374 /* SettingCell.xib */ = {isa = PBXFileReference; lastKnownFileType = file.xib; path = SettingCell.xib; sourceTree = "<group>"; };
		D87EF3392369D14900102374 /* SettingCell.swift */ = {isa = PBXFileReference; lastKnownFileType = sourcecode.swift; path = SettingCell.swift; sourceTree = "<group>"; };
		D87EF33B2369D4E200102374 /* Extension + UIColor.swift */ = {isa = PBXFileReference; lastKnownFileType = sourcecode.swift; path = "Extension + UIColor.swift"; sourceTree = "<group>"; };
		D87EF33D2369DDC000102374 /* SettingTopCell.swift */ = {isa = PBXFileReference; lastKnownFileType = sourcecode.swift; path = SettingTopCell.swift; sourceTree = "<group>"; };
		D87EF33F2369DDD300102374 /* SettingTopCell.xib */ = {isa = PBXFileReference; lastKnownFileType = file.xib; path = SettingTopCell.xib; sourceTree = "<group>"; };
		D8A0E126236CBA5E0047CB8D /* TextFieldCell.swift */ = {isa = PBXFileReference; lastKnownFileType = sourcecode.swift; path = TextFieldCell.swift; sourceTree = "<group>"; };
		D8A0E128236CBA6C0047CB8D /* TextFieldCell.xib */ = {isa = PBXFileReference; lastKnownFileType = file.xib; path = TextFieldCell.xib; sourceTree = "<group>"; };
		D8AE84CE236C82F4001794DC /* AppTheme.swift */ = {isa = PBXFileReference; lastKnownFileType = sourcecode.swift; path = AppTheme.swift; sourceTree = "<group>"; };
		D8BFDAD82358A40B0042D78B /* RegistrationManager.swift */ = {isa = PBXFileReference; lastKnownFileType = sourcecode.swift; path = RegistrationManager.swift; sourceTree = "<group>"; };
		D8C77CB623606B910049279D /* Settings.storyboard */ = {isa = PBXFileReference; lastKnownFileType = file.storyboard; path = Settings.storyboard; sourceTree = "<group>"; };
		D8C77CB823606B910049279D /* SettingsRouter.swift */ = {isa = PBXFileReference; lastKnownFileType = sourcecode.swift; path = SettingsRouter.swift; sourceTree = "<group>"; };
		D8C77CB923606B910049279D /* SettingsViewController.swift */ = {isa = PBXFileReference; lastKnownFileType = sourcecode.swift; path = SettingsViewController.swift; sourceTree = "<group>"; };
		D8C77CBA23606B910049279D /* SettingsProtocols.swift */ = {isa = PBXFileReference; lastKnownFileType = sourcecode.swift; path = SettingsProtocols.swift; sourceTree = "<group>"; };
		D8C77CBB23606B910049279D /* SettingsInteractor.swift */ = {isa = PBXFileReference; lastKnownFileType = sourcecode.swift; path = SettingsInteractor.swift; sourceTree = "<group>"; };
		D8C77CBC23606B910049279D /* SettingsConfigurator.swift */ = {isa = PBXFileReference; lastKnownFileType = sourcecode.swift; path = SettingsConfigurator.swift; sourceTree = "<group>"; };
		D8C87B8F2354C08D001DD7DE /* GoogleService-Info.plist */ = {isa = PBXFileReference; fileEncoding = 4; lastKnownFileType = text.plist.xml; path = "GoogleService-Info.plist"; sourceTree = "<group>"; };
		D8DA7F3F2374246000BD9C65 /* SwipeResultDitection.swift */ = {isa = PBXFileReference; lastKnownFileType = sourcecode.swift; path = SwipeResultDitection.swift; sourceTree = "<group>"; };
		D8DA7F4123744FCB00BD9C65 /* UserDataManager.swift */ = {isa = PBXFileReference; lastKnownFileType = sourcecode.swift; path = UserDataManager.swift; sourceTree = "<group>"; };
		D8DA7F432374583500BD9C65 /* Constants.swift */ = {isa = PBXFileReference; lastKnownFileType = sourcecode.swift; path = Constants.swift; sourceTree = "<group>"; };
		D8E56FD1234DEF2400ABE4D2 /* Extension + CALayer.swift */ = {isa = PBXFileReference; lastKnownFileType = sourcecode.swift; path = "Extension + CALayer.swift"; sourceTree = "<group>"; };
		D8F492DB2355F5A0009019EF /* Extension + ViewController.swift */ = {isa = PBXFileReference; lastKnownFileType = sourcecode.swift; path = "Extension + ViewController.swift"; sourceTree = "<group>"; };
		D8F492DF2356099D009019EF /* Alertable.swift */ = {isa = PBXFileReference; lastKnownFileType = sourcecode.swift; path = Alertable.swift; sourceTree = "<group>"; };
/* End PBXFileReference section */

/* Begin PBXFrameworksBuildPhase section */
		D8173848234BC1B3009B01D4 /* Frameworks */ = {
			isa = PBXFrameworksBuildPhase;
			buildActionMask = 2147483647;
			files = (
				DFC4BBF64EA59C9FC653A6EB /* Pods_Tinder_Analog.framework in Frameworks */,
			);
			runOnlyForDeploymentPostprocessing = 0;
		};
/* End PBXFrameworksBuildPhase section */

/* Begin PBXGroup section */
		3C8530BEAEE4982022FE61B7 /* Frameworks */ = {
			isa = PBXGroup;
			children = (
				2093EAD0D908D424C7A2D45B /* Pods_Tinder_Analog.framework */,
			);
			name = Frameworks;
			sourceTree = "<group>";
		};
		4DB2ABEE7EE4C475809911BD /* Pods */ = {
			isa = PBXGroup;
			children = (
				4515C0A3EE05BCB1208AAFD6 /* Pods-Tinder_Analog.debug.xcconfig */,
				C6FCDC3C96DA0FB53D626511 /* Pods-Tinder_Analog.release.xcconfig */,
			);
			path = Pods;
			sourceTree = "<group>";
		};
		D8095A15235DAC1D0066F989 /* Model */ = {
			isa = PBXGroup;
			children = (
				D8095A16235DAC2E0066F989 /* UserModel.swift */,
			);
			path = Model;
			sourceTree = "<group>";
		};
		D8166F572360513B00CEA4DD /* Modules */ = {
			isa = PBXGroup;
			children = (
				D8C77CB523606B6B0049279D /* Settings */,
				D82E36EE2352283E003414F8 /* Registration */,
				D84A1EB9234DD939007791F4 /* Home Screen */,
			);
			path = Modules;
			sourceTree = "<group>";
		};
		D8173842234BC1B3009B01D4 = {
			isa = PBXGroup;
			children = (
				D817384D234BC1B3009B01D4 /* Tinder_Analog */,
				D817384C234BC1B3009B01D4 /* Products */,
				4DB2ABEE7EE4C475809911BD /* Pods */,
				3C8530BEAEE4982022FE61B7 /* Frameworks */,
			);
			sourceTree = "<group>";
		};
		D817384C234BC1B3009B01D4 /* Products */ = {
			isa = PBXGroup;
			children = (
				D817384B234BC1B3009B01D4 /* Tinder_Analog.app */,
			);
			name = Products;
			sourceTree = "<group>";
		};
		D817384D234BC1B3009B01D4 /* Tinder_Analog */ = {
			isa = PBXGroup;
			children = (
				D817384E234BC1B3009B01D4 /* AppDelegate.swift */,
				D8166F572360513B00CEA4DD /* Modules */,
				D8095A15235DAC1D0066F989 /* Model */,
				D8BCC1162354859B00AF4A82 /* ViewModel */,
				D8F492DD23560987009019EF /* Common */,
				D833A4A02355BD9300B99B0C /* Managers */,
				D817386B234BC2F8009B01D4 /* Custom Views */,
				D8173862234BC1D4009B01D4 /* Extensions */,
				D8173857234BC1B5009B01D4 /* Assets.xcassets */,
				D8173859234BC1B5009B01D4 /* LaunchScreen.storyboard */,
				D817385C234BC1B5009B01D4 /* Info.plist */,
				D8C87B8F2354C08D001DD7DE /* GoogleService-Info.plist */,
			);
			path = Tinder_Analog;
			sourceTree = "<group>";
		};
		D8173862234BC1D4009B01D4 /* Extensions */ = {
			isa = PBXGroup;
			children = (
				D8173863234BC1EF009B01D4 /* UIView + Constraint.swift */,
				D8F492DB2355F5A0009019EF /* Extension + ViewController.swift */,
				D851AFAB234CC1C700071786 /* Extension + UIView.swift */,
				D8E56FD1234DEF2400ABE4D2 /* Extension + CALayer.swift */,
				D87EF33B2369D4E200102374 /* Extension + UIColor.swift */,
			);
			path = Extensions;
			sourceTree = "<group>";
		};
		D817386B234BC2F8009B01D4 /* Custom Views */ = {
			isa = PBXGroup;
			children = (
				D82E36FE23522E3B003414F8 /* Stack Views */,
				D8CE7FB3234D2A0500E4779B /* Card View */,
				D82E36FF23522E79003414F8 /* CustomTextField.swift */,
				D87CAE49237A02AC00A7667A /* TweeActiveTextField.swift */,
			);
			path = "Custom Views";
			sourceTree = "<group>";
		};
		D82E36EE2352283E003414F8 /* Registration */ = {
			isa = PBXGroup;
			children = (
				D82E36EF23522856003414F8 /* Registration.storyboard */,
				D82E36F023522856003414F8 /* RegistrationPresenter.swift */,
				D82E36F123522856003414F8 /* RegistrationRouter.swift */,
				D82E36F223522856003414F8 /* RegistrationViewController.swift */,
				D82E36F323522856003414F8 /* RegistrationProtocols.swift */,
				D82E36F423522856003414F8 /* RegistrationInteractor.swift */,
				D82E36F523522856003414F8 /* RegistrationConfigurator.swift */,
			);
			path = Registration;
			sourceTree = "<group>";
		};
		D82E36FE23522E3B003414F8 /* Stack Views */ = {
			isa = PBXGroup;
			children = (
				D8173865234BC217009B01D4 /* HomeBottomStackView.swift */,
				D8173867234BC2B0009B01D4 /* TopNavigationStackView.swift */,
			);
			path = "Stack Views";
			sourceTree = "<group>";
		};
		D833A4A02355BD9300B99B0C /* Managers */ = {
			isa = PBXGroup;
			children = (
				D8BFDAD72358A3EC0042D78B /* Network */,
				D833A4A22355BDAD00B99B0C /* AlertManager.swift */,
				D83D21B32357565E00971180 /* CameraManager.swift */,
			);
			name = Managers;
			sourceTree = "<group>";
		};
		D84A1EB9234DD939007791F4 /* Home Screen */ = {
			isa = PBXGroup;
			children = (
				D851AF9B234C8F6400071786 /* HomeScreen.storyboard */,
				D851AF9C234C8F6400071786 /* HomeScreenPresenter.swift */,
				D851AF9D234C8F6400071786 /* HomeScreenRouter.swift */,
				D851AF9E234C8F6400071786 /* HomeScreenViewController.swift */,
				D851AF9F234C8F6400071786 /* HomeScreenProtocols.swift */,
				D851AFA0234C8F6400071786 /* HomeScreenInteractor.swift */,
				D851AFA1234C8F6400071786 /* HomeScreenConfigurator.swift */,
			);
			path = "Home Screen";
			sourceTree = "<group>";
		};
		D85090DA2358AD9100CC92EE /* Network */ = {
			isa = PBXGroup;
			children = (
				D85090DB2358ADA700CC92EE /* NetworkHelper.swift */,
			);
			path = Network;
			sourceTree = "<group>";
		};
		D87EF3352369CEE000102374 /* Views */ = {
			isa = PBXGroup;
			children = (
				D87EF3362369CEED00102374 /* TableView Cell */,
			);
			path = Views;
			sourceTree = "<group>";
		};
		D87EF3362369CEED00102374 /* TableView Cell */ = {
			isa = PBXGroup;
			children = (
				D87EF3372369CF1C00102374 /* SettingCell.xib */,
				D87EF3392369D14900102374 /* SettingCell.swift */,
				D8A0E128236CBA6C0047CB8D /* TextFieldCell.xib */,
				D8A0E126236CBA5E0047CB8D /* TextFieldCell.swift */,
				D87EF33F2369DDD300102374 /* SettingTopCell.xib */,
				D87EF33D2369DDC000102374 /* SettingTopCell.swift */,
			);
			path = "TableView Cell";
			sourceTree = "<group>";
		};
		D8BCC1162354859B00AF4A82 /* ViewModel */ = {
			isa = PBXGroup;
			children = (
				D8044DB2235341C300A3B59B /* RegistrationViewModel.swift */,
			);
			path = ViewModel;
			sourceTree = "<group>";
		};
		D8BFDAD72358A3EC0042D78B /* Network */ = {
			isa = PBXGroup;
			children = (
				D8BFDAD82358A40B0042D78B /* RegistrationManager.swift */,
				D8DA7F4123744FCB00BD9C65 /* UserDataManager.swift */,
			);
			name = Network;
			sourceTree = "<group>";
		};
		D8C77CB523606B6B0049279D /* Settings */ = {
			isa = PBXGroup;
			children = (
				D8C77CB623606B910049279D /* Settings.storyboard */,
				D870D3E6236DDD3B0023F432 /* SettingsPresenter.swift */,
				D8C77CB823606B910049279D /* SettingsRouter.swift */,
				D8C77CB923606B910049279D /* SettingsViewController.swift */,
				D8C77CBA23606B910049279D /* SettingsProtocols.swift */,
				D8C77CBB23606B910049279D /* SettingsInteractor.swift */,
				D8C77CBC23606B910049279D /* SettingsConfigurator.swift */,
			);
			path = Settings;
			sourceTree = "<group>";
		};
		D8CE7FB3234D2A0500E4779B /* Card View */ = {
			isa = PBXGroup;
			children = (
				D8173869234BC2E0009B01D4 /* CardView.swift */,
				D8DA7F3F2374246000BD9C65 /* SwipeResultDitection.swift */,
				D851AFA9234CAF6000071786 /* CardView.xib */,
			);
			path = "Card View";
			sourceTree = "<group>";
		};
		D8F492DD23560987009019EF /* Common */ = {
			isa = PBXGroup;
			children = (
				D8AE84CE236C82F4001794DC /* AppTheme.swift */,
				D87EF3352369CEE000102374 /* Views */,
				D85090DA2358AD9100CC92EE /* Network */,
				D8F492DE23560991009019EF /* Protocols */,
				D8DA7F432374583500BD9C65 /* Constants.swift */,
			);
			path = Common;
			sourceTree = "<group>";
		};
		D8F492DE23560991009019EF /* Protocols */ = {
			isa = PBXGroup;
			children = (
				D8F492DF2356099D009019EF /* Alertable.swift */,
				D83D21AD2357434100971180 /* Loadable.swift */,
			);
			path = Protocols;
			sourceTree = "<group>";
		};
/* End PBXGroup section */

/* Begin PBXNativeTarget section */
		D817384A234BC1B3009B01D4 /* Tinder_Analog */ = {
			isa = PBXNativeTarget;
			buildConfigurationList = D817385F234BC1B5009B01D4 /* Build configuration list for PBXNativeTarget "Tinder_Analog" */;
			buildPhases = (
				AD9D5207F53CF8F2EC693C8D /* [CP] Check Pods Manifest.lock */,
				D8173847234BC1B3009B01D4 /* Sources */,
				D8173848234BC1B3009B01D4 /* Frameworks */,
				D8173849234BC1B3009B01D4 /* Resources */,
				ECB7FA7937DB715EAB264BB3 /* [CP] Embed Pods Frameworks */,
			);
			buildRules = (
			);
			dependencies = (
			);
			name = Tinder_Analog;
			productName = Tinder_Analog;
			productReference = D817384B234BC1B3009B01D4 /* Tinder_Analog.app */;
			productType = "com.apple.product-type.application";
		};
/* End PBXNativeTarget section */

/* Begin PBXProject section */
		D8173843234BC1B3009B01D4 /* Project object */ = {
			isa = PBXProject;
			attributes = {
				LastSwiftUpdateCheck = 1100;
				LastUpgradeCheck = 1100;
				ORGANIZATIONNAME = Vitaly;
				TargetAttributes = {
					D817384A234BC1B3009B01D4 = {
						CreatedOnToolsVersion = 11.0;
					};
				};
			};
			buildConfigurationList = D8173846234BC1B3009B01D4 /* Build configuration list for PBXProject "Tinder_Analog" */;
			compatibilityVersion = "Xcode 9.3";
			developmentRegion = en;
			hasScannedForEncodings = 0;
			knownRegions = (
				en,
				Base,
			);
			mainGroup = D8173842234BC1B3009B01D4;
			productRefGroup = D817384C234BC1B3009B01D4 /* Products */;
			projectDirPath = "";
			projectRoot = "";
			targets = (
				D817384A234BC1B3009B01D4 /* Tinder_Analog */,
			);
		};
/* End PBXProject section */

/* Begin PBXResourcesBuildPhase section */
		D8173849234BC1B3009B01D4 /* Resources */ = {
			isa = PBXResourcesBuildPhase;
			buildActionMask = 2147483647;
			files = (
				D82E36F623522856003414F8 /* Registration.storyboard in Resources */,
				D87EF3402369DDD300102374 /* SettingTopCell.xib in Resources */,
				D817385B234BC1B5009B01D4 /* LaunchScreen.storyboard in Resources */,
				D851AFA2234C8F6400071786 /* HomeScreen.storyboard in Resources */,
				D851AFAA234CAF6000071786 /* CardView.xib in Resources */,
				D8173858234BC1B5009B01D4 /* Assets.xcassets in Resources */,
				D8C87B902354C08D001DD7DE /* GoogleService-Info.plist in Resources */,
				D8A0E129236CBA6C0047CB8D /* TextFieldCell.xib in Resources */,
				D87EF3382369CF1C00102374 /* SettingCell.xib in Resources */,
				D8C77CBD23606B910049279D /* Settings.storyboard in Resources */,
			);
			runOnlyForDeploymentPostprocessing = 0;
		};
/* End PBXResourcesBuildPhase section */

/* Begin PBXShellScriptBuildPhase section */
		AD9D5207F53CF8F2EC693C8D /* [CP] Check Pods Manifest.lock */ = {
			isa = PBXShellScriptBuildPhase;
			buildActionMask = 2147483647;
			files = (
			);
			inputFileListPaths = (
			);
			inputPaths = (
				"${PODS_PODFILE_DIR_PATH}/Podfile.lock",
				"${PODS_ROOT}/Manifest.lock",
			);
			name = "[CP] Check Pods Manifest.lock";
			outputFileListPaths = (
			);
			outputPaths = (
				"$(DERIVED_FILE_DIR)/Pods-Tinder_Analog-checkManifestLockResult.txt",
			);
			runOnlyForDeploymentPostprocessing = 0;
			shellPath = /bin/sh;
			shellScript = "diff \"${PODS_PODFILE_DIR_PATH}/Podfile.lock\" \"${PODS_ROOT}/Manifest.lock\" > /dev/null\nif [ $? != 0 ] ; then\n    # print error to STDERR\n    echo \"error: The sandbox is not in sync with the Podfile.lock. Run 'pod install' or update your CocoaPods installation.\" >&2\n    exit 1\nfi\n# This output is used by Xcode 'outputs' to avoid re-running this script phase.\necho \"SUCCESS\" > \"${SCRIPT_OUTPUT_FILE_0}\"\n";
			showEnvVarsInLog = 0;
		};
		ECB7FA7937DB715EAB264BB3 /* [CP] Embed Pods Frameworks */ = {
			isa = PBXShellScriptBuildPhase;
			buildActionMask = 2147483647;
			files = (
			);
			inputFileListPaths = (
				"${PODS_ROOT}/Target Support Files/Pods-Tinder_Analog/Pods-Tinder_Analog-frameworks-${CONFIGURATION}-input-files.xcfilelist",
			);
			name = "[CP] Embed Pods Frameworks";
			outputFileListPaths = (
				"${PODS_ROOT}/Target Support Files/Pods-Tinder_Analog/Pods-Tinder_Analog-frameworks-${CONFIGURATION}-output-files.xcfilelist",
			);
			runOnlyForDeploymentPostprocessing = 0;
			shellPath = /bin/sh;
			shellScript = "\"${PODS_ROOT}/Target Support Files/Pods-Tinder_Analog/Pods-Tinder_Analog-frameworks.sh\"\n";
			showEnvVarsInLog = 0;
		};
/* End PBXShellScriptBuildPhase section */

/* Begin PBXSourcesBuildPhase section */
		D8173847234BC1B3009B01D4 /* Sources */ = {
			isa = PBXSourcesBuildPhase;
			buildActionMask = 2147483647;
			files = (
				D8DA7F402374246000BD9C65 /* SwipeResultDitection.swift in Sources */,
				D85090DC2358ADA700CC92EE /* NetworkHelper.swift in Sources */,
				D82E36FA23522856003414F8 /* RegistrationProtocols.swift in Sources */,
				D851AFA6234C8F6400071786 /* HomeScreenProtocols.swift in Sources */,
				D8AE84CF236C82F4001794DC /* AppTheme.swift in Sources */,
				D8095A17235DAC2E0066F989 /* UserModel.swift in Sources */,
				D817386A234BC2E0009B01D4 /* CardView.swift in Sources */,
				D87EF33C2369D4E200102374 /* Extension + UIColor.swift in Sources */,
				D8DA7F442374583500BD9C65 /* Constants.swift in Sources */,
				D8044DB3235341C300A3B59B /* RegistrationViewModel.swift in Sources */,
				D82E36FB23522856003414F8 /* RegistrationInteractor.swift in Sources */,
				D8C77CC023606B910049279D /* SettingsViewController.swift in Sources */,
				D82E370023522E79003414F8 /* CustomTextField.swift in Sources */,
				D8F492E02356099D009019EF /* Alertable.swift in Sources */,
				D8173866234BC217009B01D4 /* HomeBottomStackView.swift in Sources */,
				D8DA7F4223744FCB00BD9C65 /* UserDataManager.swift in Sources */,
				D8C77CC323606B910049279D /* SettingsConfigurator.swift in Sources */,
				D851AFA8234C8F6400071786 /* HomeScreenConfigurator.swift in Sources */,
				D87CAE4A237A02AC00A7667A /* TweeActiveTextField.swift in Sources */,
				D8C77CBF23606B910049279D /* SettingsRouter.swift in Sources */,
				D8C77CC223606B910049279D /* SettingsInteractor.swift in Sources */,
				D83D21AE2357434100971180 /* Loadable.swift in Sources */,
				D8173864234BC1EF009B01D4 /* UIView + Constraint.swift in Sources */,
				D870D3E7236DDD3B0023F432 /* SettingsPresenter.swift in Sources */,
				D851AFAC234CC1C700071786 /* Extension + UIView.swift in Sources */,
				D8C77CC123606B910049279D /* SettingsProtocols.swift in Sources */,
				D8BFDAD92358A40C0042D78B /* RegistrationManager.swift in Sources */,
				D851AFA7234C8F6400071786 /* HomeScreenInteractor.swift in Sources */,
				D82E36F723522856003414F8 /* RegistrationPresenter.swift in Sources */,
				D83D21B42357565E00971180 /* CameraManager.swift in Sources */,
				D833A4A32355BDAD00B99B0C /* AlertManager.swift in Sources */,
				D851AFA4234C8F6400071786 /* HomeScreenRouter.swift in Sources */,
				D82E36FC23522856003414F8 /* RegistrationConfigurator.swift in Sources */,
				D87EF33A2369D14900102374 /* SettingCell.swift in Sources */,
				D8173868234BC2B0009B01D4 /* TopNavigationStackView.swift in Sources */,
				D82E36F923522856003414F8 /* RegistrationViewController.swift in Sources */,
				D87EF33E2369DDC000102374 /* SettingTopCell.swift in Sources */,
				D8E56FD2234DEF2400ABE4D2 /* Extension + CALayer.swift in Sources */,
				D851AFA3234C8F6400071786 /* HomeScreenPresenter.swift in Sources */,
				D8F492DC2355F5A0009019EF /* Extension + ViewController.swift in Sources */,
				D817384F234BC1B3009B01D4 /* AppDelegate.swift in Sources */,
				D851AFA5234C8F6400071786 /* HomeScreenViewController.swift in Sources */,
				D82E36F823522856003414F8 /* RegistrationRouter.swift in Sources */,
				D8A0E127236CBA5E0047CB8D /* TextFieldCell.swift in Sources */,
			);
			runOnlyForDeploymentPostprocessing = 0;
		};
/* End PBXSourcesBuildPhase section */

/* Begin PBXVariantGroup section */
		D8173859234BC1B5009B01D4 /* LaunchScreen.storyboard */ = {
			isa = PBXVariantGroup;
			children = (
				D817385A234BC1B5009B01D4 /* Base */,
			);
			name = LaunchScreen.storyboard;
			sourceTree = "<group>";
		};
/* End PBXVariantGroup section */

/* Begin XCBuildConfiguration section */
		D817385D234BC1B5009B01D4 /* Debug */ = {
			isa = XCBuildConfiguration;
			buildSettings = {
				ALWAYS_SEARCH_USER_PATHS = NO;
				CLANG_ANALYZER_NONNULL = YES;
				CLANG_ANALYZER_NUMBER_OBJECT_CONVERSION = YES_AGGRESSIVE;
				CLANG_CXX_LANGUAGE_STANDARD = "gnu++14";
				CLANG_CXX_LIBRARY = "libc++";
				CLANG_ENABLE_MODULES = YES;
				CLANG_ENABLE_OBJC_ARC = YES;
				CLANG_ENABLE_OBJC_WEAK = YES;
				CLANG_WARN_BLOCK_CAPTURE_AUTORELEASING = YES;
				CLANG_WARN_BOOL_CONVERSION = YES;
				CLANG_WARN_COMMA = YES;
				CLANG_WARN_CONSTANT_CONVERSION = YES;
				CLANG_WARN_DEPRECATED_OBJC_IMPLEMENTATIONS = YES;
				CLANG_WARN_DIRECT_OBJC_ISA_USAGE = YES_ERROR;
				CLANG_WARN_DOCUMENTATION_COMMENTS = YES;
				CLANG_WARN_EMPTY_BODY = YES;
				CLANG_WARN_ENUM_CONVERSION = YES;
				CLANG_WARN_INFINITE_RECURSION = YES;
				CLANG_WARN_INT_CONVERSION = YES;
				CLANG_WARN_NON_LITERAL_NULL_CONVERSION = YES;
				CLANG_WARN_OBJC_IMPLICIT_RETAIN_SELF = YES;
				CLANG_WARN_OBJC_LITERAL_CONVERSION = YES;
				CLANG_WARN_OBJC_ROOT_CLASS = YES_ERROR;
				CLANG_WARN_RANGE_LOOP_ANALYSIS = YES;
				CLANG_WARN_STRICT_PROTOTYPES = YES;
				CLANG_WARN_SUSPICIOUS_MOVE = YES;
				CLANG_WARN_UNGUARDED_AVAILABILITY = YES_AGGRESSIVE;
				CLANG_WARN_UNREACHABLE_CODE = YES;
				CLANG_WARN__DUPLICATE_METHOD_MATCH = YES;
				COPY_PHASE_STRIP = NO;
				DEBUG_INFORMATION_FORMAT = dwarf;
				ENABLE_STRICT_OBJC_MSGSEND = YES;
				ENABLE_TESTABILITY = YES;
				GCC_C_LANGUAGE_STANDARD = gnu11;
				GCC_DYNAMIC_NO_PIC = NO;
				GCC_NO_COMMON_BLOCKS = YES;
				GCC_OPTIMIZATION_LEVEL = 0;
				GCC_PREPROCESSOR_DEFINITIONS = (
					"DEBUG=1",
					"$(inherited)",
				);
				GCC_WARN_64_TO_32_BIT_CONVERSION = YES;
				GCC_WARN_ABOUT_RETURN_TYPE = YES_ERROR;
				GCC_WARN_UNDECLARED_SELECTOR = YES;
				GCC_WARN_UNINITIALIZED_AUTOS = YES_AGGRESSIVE;
				GCC_WARN_UNUSED_FUNCTION = YES;
				GCC_WARN_UNUSED_VARIABLE = YES;
				IPHONEOS_DEPLOYMENT_TARGET = 13.0;
				MTL_ENABLE_DEBUG_INFO = INCLUDE_SOURCE;
				MTL_FAST_MATH = YES;
				ONLY_ACTIVE_ARCH = YES;
				SDKROOT = iphoneos;
				SWIFT_ACTIVE_COMPILATION_CONDITIONS = DEBUG;
				SWIFT_OPTIMIZATION_LEVEL = "-Onone";
			};
			name = Debug;
		};
		D817385E234BC1B5009B01D4 /* Release */ = {
			isa = XCBuildConfiguration;
			buildSettings = {
				ALWAYS_SEARCH_USER_PATHS = NO;
				CLANG_ANALYZER_NONNULL = YES;
				CLANG_ANALYZER_NUMBER_OBJECT_CONVERSION = YES_AGGRESSIVE;
				CLANG_CXX_LANGUAGE_STANDARD = "gnu++14";
				CLANG_CXX_LIBRARY = "libc++";
				CLANG_ENABLE_MODULES = YES;
				CLANG_ENABLE_OBJC_ARC = YES;
				CLANG_ENABLE_OBJC_WEAK = YES;
				CLANG_WARN_BLOCK_CAPTURE_AUTORELEASING = YES;
				CLANG_WARN_BOOL_CONVERSION = YES;
				CLANG_WARN_COMMA = YES;
				CLANG_WARN_CONSTANT_CONVERSION = YES;
				CLANG_WARN_DEPRECATED_OBJC_IMPLEMENTATIONS = YES;
				CLANG_WARN_DIRECT_OBJC_ISA_USAGE = YES_ERROR;
				CLANG_WARN_DOCUMENTATION_COMMENTS = YES;
				CLANG_WARN_EMPTY_BODY = YES;
				CLANG_WARN_ENUM_CONVERSION = YES;
				CLANG_WARN_INFINITE_RECURSION = YES;
				CLANG_WARN_INT_CONVERSION = YES;
				CLANG_WARN_NON_LITERAL_NULL_CONVERSION = YES;
				CLANG_WARN_OBJC_IMPLICIT_RETAIN_SELF = YES;
				CLANG_WARN_OBJC_LITERAL_CONVERSION = YES;
				CLANG_WARN_OBJC_ROOT_CLASS = YES_ERROR;
				CLANG_WARN_RANGE_LOOP_ANALYSIS = YES;
				CLANG_WARN_STRICT_PROTOTYPES = YES;
				CLANG_WARN_SUSPICIOUS_MOVE = YES;
				CLANG_WARN_UNGUARDED_AVAILABILITY = YES_AGGRESSIVE;
				CLANG_WARN_UNREACHABLE_CODE = YES;
				CLANG_WARN__DUPLICATE_METHOD_MATCH = YES;
				COPY_PHASE_STRIP = NO;
				DEBUG_INFORMATION_FORMAT = "dwarf-with-dsym";
				ENABLE_NS_ASSERTIONS = NO;
				ENABLE_STRICT_OBJC_MSGSEND = YES;
				GCC_C_LANGUAGE_STANDARD = gnu11;
				GCC_NO_COMMON_BLOCKS = YES;
				GCC_WARN_64_TO_32_BIT_CONVERSION = YES;
				GCC_WARN_ABOUT_RETURN_TYPE = YES_ERROR;
				GCC_WARN_UNDECLARED_SELECTOR = YES;
				GCC_WARN_UNINITIALIZED_AUTOS = YES_AGGRESSIVE;
				GCC_WARN_UNUSED_FUNCTION = YES;
				GCC_WARN_UNUSED_VARIABLE = YES;
				IPHONEOS_DEPLOYMENT_TARGET = 13.0;
				MTL_ENABLE_DEBUG_INFO = NO;
				MTL_FAST_MATH = YES;
				SDKROOT = iphoneos;
				SWIFT_COMPILATION_MODE = wholemodule;
				SWIFT_OPTIMIZATION_LEVEL = "-O";
				VALIDATE_PRODUCT = YES;
			};
			name = Release;
		};
		D8173860234BC1B5009B01D4 /* Debug */ = {
			isa = XCBuildConfiguration;
			baseConfigurationReference = 4515C0A3EE05BCB1208AAFD6 /* Pods-Tinder_Analog.debug.xcconfig */;
			buildSettings = {
				ASSETCATALOG_COMPILER_APPICON_NAME = AppIcon;
				CODE_SIGN_STYLE = Automatic;
				DEVELOPMENT_TEAM = 99894H992V;
				INFOPLIST_FILE = Tinder_Analog/Info.plist;
				IPHONEOS_DEPLOYMENT_TARGET = 12.4;
				LD_RUNPATH_SEARCH_PATHS = (
					"$(inherited)",
					"@executable_path/Frameworks",
				);
				PRODUCT_BUNDLE_IDENTIFIER = "kaboo.Tinder-Analog";
				PRODUCT_NAME = "$(TARGET_NAME)";
				SWIFT_VERSION = 5.0;
				TARGETED_DEVICE_FAMILY = 1;
			};
			name = Debug;
		};
		D8173861234BC1B5009B01D4 /* Release */ = {
			isa = XCBuildConfiguration;
			baseConfigurationReference = C6FCDC3C96DA0FB53D626511 /* Pods-Tinder_Analog.release.xcconfig */;
			buildSettings = {
				ASSETCATALOG_COMPILER_APPICON_NAME = AppIcon;
				CODE_SIGN_STYLE = Automatic;
				DEVELOPMENT_TEAM = 99894H992V;
				INFOPLIST_FILE = Tinder_Analog/Info.plist;
				IPHONEOS_DEPLOYMENT_TARGET = 12.4;
				LD_RUNPATH_SEARCH_PATHS = (
					"$(inherited)",
					"@executable_path/Frameworks",
				);
				PRODUCT_BUNDLE_IDENTIFIER = "kaboo.Tinder-Analog";
				PRODUCT_NAME = "$(TARGET_NAME)";
				SWIFT_VERSION = 5.0;
				TARGETED_DEVICE_FAMILY = 1;
			};
			name = Release;
		};
/* End XCBuildConfiguration section */

/* Begin XCConfigurationList section */
		D8173846234BC1B3009B01D4 /* Build configuration list for PBXProject "Tinder_Analog" */ = {
			isa = XCConfigurationList;
			buildConfigurations = (
				D817385D234BC1B5009B01D4 /* Debug */,
				D817385E234BC1B5009B01D4 /* Release */,
			);
			defaultConfigurationIsVisible = 0;
			defaultConfigurationName = Release;
		};
		D817385F234BC1B5009B01D4 /* Build configuration list for PBXNativeTarget "Tinder_Analog" */ = {
			isa = XCConfigurationList;
			buildConfigurations = (
				D8173860234BC1B5009B01D4 /* Debug */,
				D8173861234BC1B5009B01D4 /* Release */,
			);
			defaultConfigurationIsVisible = 0;
			defaultConfigurationName = Release;
		};
/* End XCConfigurationList section */
	};
	rootObject = D8173843234BC1B3009B01D4 /* Project object */;
}
